// !$*UTF8*$!
{
	archiveVersion = 1;
	classes = {
	};
	objectVersion = 60;
	objects = {

/* Begin PBXBuildFile section */
		6F7ED23D2C4DF16B00047677 /* RadioApp.swift in Sources */ = {isa = PBXBuildFile; fileRef = 6F7ED23C2C4DF16B00047677 /* RadioApp.swift */; };
		6F7ED23F2C4DF16B00047677 /* ContentView.swift in Sources */ = {isa = PBXBuildFile; fileRef = 6F7ED23E2C4DF16B00047677 /* ContentView.swift */; };
		6F7ED2412C4DF16C00047677 /* Assets.xcassets in Resources */ = {isa = PBXBuildFile; fileRef = 6F7ED2402C4DF16C00047677 /* Assets.xcassets */; };
		6F7ED2442C4DF16C00047677 /* Preview Assets.xcassets in Resources */ = {isa = PBXBuildFile; fileRef = 6F7ED2432C4DF16C00047677 /* Preview Assets.xcassets */; };
		6F7ED24E2C4DF16C00047677 /* RadioTests.swift in Sources */ = {isa = PBXBuildFile; fileRef = 6F7ED24D2C4DF16C00047677 /* RadioTests.swift */; };
		6F7ED2582C4DF16C00047677 /* RadioUITests.swift in Sources */ = {isa = PBXBuildFile; fileRef = 6F7ED2572C4DF16C00047677 /* RadioUITests.swift */; };
		6F7ED25A2C4DF16C00047677 /* RadioUITestsLaunchTests.swift in Sources */ = {isa = PBXBuildFile; fileRef = 6F7ED2592C4DF16C00047677 /* RadioUITestsLaunchTests.swift */; };
/* End PBXBuildFile section */

/* Begin PBXContainerItemProxy section */
		6F7ED24A2C4DF16C00047677 /* PBXContainerItemProxy */ = {
			isa = PBXContainerItemProxy;
			containerPortal = 6F7ED2312C4DF16B00047677 /* Project object */;
			proxyType = 1;
			remoteGlobalIDString = 6F7ED2382C4DF16B00047677;
			remoteInfo = Radio;
		};
		6F7ED2542C4DF16C00047677 /* PBXContainerItemProxy */ = {
			isa = PBXContainerItemProxy;
			containerPortal = 6F7ED2312C4DF16B00047677 /* Project object */;
			proxyType = 1;
			remoteGlobalIDString = 6F7ED2382C4DF16B00047677;
			remoteInfo = Radio;
		};
/* End PBXContainerItemProxy section */

/* Begin PBXFileReference section */
		6F7ED2392C4DF16B00047677 /* Radio.app */ = {isa = PBXFileReference; explicitFileType = wrapper.application; includeInIndex = 0; path = Radio.app; sourceTree = BUILT_PRODUCTS_DIR; };
		6F7ED23C2C4DF16B00047677 /* RadioApp.swift */ = {isa = PBXFileReference; lastKnownFileType = sourcecode.swift; path = RadioApp.swift; sourceTree = "<group>"; };
		6F7ED23E2C4DF16B00047677 /* ContentView.swift */ = {isa = PBXFileReference; lastKnownFileType = sourcecode.swift; path = ContentView.swift; sourceTree = "<group>"; };
		6F7ED2402C4DF16C00047677 /* Assets.xcassets */ = {isa = PBXFileReference; lastKnownFileType = folder.assetcatalog; path = Assets.xcassets; sourceTree = "<group>"; };
		6F7ED2432C4DF16C00047677 /* Preview Assets.xcassets */ = {isa = PBXFileReference; lastKnownFileType = folder.assetcatalog; path = "Preview Assets.xcassets"; sourceTree = "<group>"; };
		6F7ED2492C4DF16C00047677 /* RadioTests.xctest */ = {isa = PBXFileReference; explicitFileType = wrapper.cfbundle; includeInIndex = 0; path = RadioTests.xctest; sourceTree = BUILT_PRODUCTS_DIR; };
		6F7ED24D2C4DF16C00047677 /* RadioTests.swift */ = {isa = PBXFileReference; lastKnownFileType = sourcecode.swift; path = RadioTests.swift; sourceTree = "<group>"; };
		6F7ED2532C4DF16C00047677 /* RadioUITests.xctest */ = {isa = PBXFileReference; explicitFileType = wrapper.cfbundle; includeInIndex = 0; path = RadioUITests.xctest; sourceTree = BUILT_PRODUCTS_DIR; };
		6F7ED2572C4DF16C00047677 /* RadioUITests.swift */ = {isa = PBXFileReference; lastKnownFileType = sourcecode.swift; path = RadioUITests.swift; sourceTree = "<group>"; };
		6F7ED2592C4DF16C00047677 /* RadioUITestsLaunchTests.swift */ = {isa = PBXFileReference; lastKnownFileType = sourcecode.swift; path = RadioUITestsLaunchTests.swift; sourceTree = "<group>"; };
/* End PBXFileReference section */

/* Begin PBXFrameworksBuildPhase section */
		6F7ED2362C4DF16B00047677 /* Frameworks */ = {
			isa = PBXFrameworksBuildPhase;
			buildActionMask = 2147483647;
			files = (
			);
			runOnlyForDeploymentPostprocessing = 0;
		};
		6F7ED2462C4DF16C00047677 /* Frameworks */ = {
			isa = PBXFrameworksBuildPhase;
			buildActionMask = 2147483647;
			files = (
			);
			runOnlyForDeploymentPostprocessing = 0;
		};
		6F7ED2502C4DF16C00047677 /* Frameworks */ = {
			isa = PBXFrameworksBuildPhase;
			buildActionMask = 2147483647;
			files = (
			);
			runOnlyForDeploymentPostprocessing = 0;
		};
/* End PBXFrameworksBuildPhase section */

/* Begin PBXGroup section */
		6F7ED2302C4DF16B00047677 = {
			isa = PBXGroup;
			children = (
				6F7ED23B2C4DF16B00047677 /* Radio */,
				6F7ED24C2C4DF16C00047677 /* RadioTests */,
				6F7ED2562C4DF16C00047677 /* RadioUITests */,
				6F7ED23A2C4DF16B00047677 /* Products */,
			);
			sourceTree = "<group>";
		};
		6F7ED23A2C4DF16B00047677 /* Products */ = {
			isa = PBXGroup;
			children = (
				6F7ED2392C4DF16B00047677 /* Radio.app */,
				6F7ED2492C4DF16C00047677 /* RadioTests.xctest */,
				6F7ED2532C4DF16C00047677 /* RadioUITests.xctest */,
			);
			name = Products;
			sourceTree = "<group>";
		};
		6F7ED23B2C4DF16B00047677 /* Radio */ = {
			isa = PBXGroup;
			children = (
				6F7ED23C2C4DF16B00047677 /* RadioApp.swift */,
				6F7ED23E2C4DF16B00047677 /* ContentView.swift */,
				6F7ED2402C4DF16C00047677 /* Assets.xcassets */,
				6F7ED2422C4DF16C00047677 /* Preview Content */,
			);
			path = Radio;
			sourceTree = "<group>";
		};
		6F7ED2422C4DF16C00047677 /* Preview Content */ = {
			isa = PBXGroup;
			children = (
				6F7ED2432C4DF16C00047677 /* Preview Assets.xcassets */,
			);
			path = "Preview Content";
			sourceTree = "<group>";
		};
		6F7ED24C2C4DF16C00047677 /* RadioTests */ = {
			isa = PBXGroup;
			children = (
				6F7ED24D2C4DF16C00047677 /* RadioTests.swift */,
			);
			path = RadioTests;
			sourceTree = "<group>";
		};
		6F7ED2562C4DF16C00047677 /* RadioUITests */ = {
			isa = PBXGroup;
			children = (
				6F7ED2572C4DF16C00047677 /* RadioUITests.swift */,
				6F7ED2592C4DF16C00047677 /* RadioUITestsLaunchTests.swift */,
			);
			path = RadioUITests;
			sourceTree = "<group>";
		};
/* End PBXGroup section */

/* Begin PBXNativeTarget section */
		6F7ED2382C4DF16B00047677 /* Radio */ = {
			isa = PBXNativeTarget;
			buildConfigurationList = 6F7ED25D2C4DF16C00047677 /* Build configuration list for PBXNativeTarget "Radio" */;
			buildPhases = (
				6F7ED2352C4DF16B00047677 /* Sources */,
				6F7ED2362C4DF16B00047677 /* Frameworks */,
				6F7ED2372C4DF16B00047677 /* Resources */,
			);
			buildRules = (
			);
			dependencies = (
			);
			name = Radio;
			productName = Radio;
			productReference = 6F7ED2392C4DF16B00047677 /* Radio.app */;
			productType = "com.apple.product-type.application";
		};
		6F7ED2482C4DF16C00047677 /* RadioTests */ = {
			isa = PBXNativeTarget;
			buildConfigurationList = 6F7ED2602C4DF16C00047677 /* Build configuration list for PBXNativeTarget "RadioTests" */;
			buildPhases = (
				6F7ED2452C4DF16C00047677 /* Sources */,
				6F7ED2462C4DF16C00047677 /* Frameworks */,
				6F7ED2472C4DF16C00047677 /* Resources */,
			);
			buildRules = (
			);
			dependencies = (
				6F7ED24B2C4DF16C00047677 /* PBXTargetDependency */,
			);
			name = RadioTests;
			productName = RadioTests;
			productReference = 6F7ED2492C4DF16C00047677 /* RadioTests.xctest */;
			productType = "com.apple.product-type.bundle.unit-test";
		};
		6F7ED2522C4DF16C00047677 /* RadioUITests */ = {
			isa = PBXNativeTarget;
			buildConfigurationList = 6F7ED2632C4DF16C00047677 /* Build configuration list for PBXNativeTarget "RadioUITests" */;
			buildPhases = (
				6F7ED24F2C4DF16C00047677 /* Sources */,
				6F7ED2502C4DF16C00047677 /* Frameworks */,
				6F7ED2512C4DF16C00047677 /* Resources */,
			);
			buildRules = (
			);
			dependencies = (
				6F7ED2552C4DF16C00047677 /* PBXTargetDependency */,
			);
			name = RadioUITests;
			productName = RadioUITests;
			productReference = 6F7ED2532C4DF16C00047677 /* RadioUITests.xctest */;
			productType = "com.apple.product-type.bundle.ui-testing";
		};
/* End PBXNativeTarget section */

/* Begin PBXProject section */
		6F7ED2312C4DF16B00047677 /* Project object */ = {
			isa = PBXProject;
			attributes = {
				BuildIndependentTargetsInParallel = 1;
				LastSwiftUpdateCheck = 1600;
				LastUpgradeCheck = 1600;
				TargetAttributes = {
					6F7ED2382C4DF16B00047677 = {
						CreatedOnToolsVersion = 16.0;
					};
					6F7ED2482C4DF16C00047677 = {
						CreatedOnToolsVersion = 16.0;
						TestTargetID = 6F7ED2382C4DF16B00047677;
					};
					6F7ED2522C4DF16C00047677 = {
						CreatedOnToolsVersion = 16.0;
						TestTargetID = 6F7ED2382C4DF16B00047677;
					};
				};
			};
			buildConfigurationList = 6F7ED2342C4DF16B00047677 /* Build configuration list for PBXProject "Radio" */;
			compatibilityVersion = "Xcode 15.0";
			developmentRegion = en;
			hasScannedForEncodings = 0;
			knownRegions = (
				en,
				Base,
			);
			mainGroup = 6F7ED2302C4DF16B00047677;
			productRefGroup = 6F7ED23A2C4DF16B00047677 /* Products */;
			projectDirPath = "";
			projectRoot = "";
			targets = (
				6F7ED2382C4DF16B00047677 /* Radio */,
				6F7ED2482C4DF16C00047677 /* RadioTests */,
				6F7ED2522C4DF16C00047677 /* RadioUITests */,
			);
		};
/* End PBXProject section */

/* Begin PBXResourcesBuildPhase section */
		6F7ED2372C4DF16B00047677 /* Resources */ = {
			isa = PBXResourcesBuildPhase;
			buildActionMask = 2147483647;
			files = (
				6F7ED2442C4DF16C00047677 /* Preview Assets.xcassets in Resources */,
				6F7ED2412C4DF16C00047677 /* Assets.xcassets in Resources */,
			);
			runOnlyForDeploymentPostprocessing = 0;
		};
		6F7ED2472C4DF16C00047677 /* Resources */ = {
			isa = PBXResourcesBuildPhase;
			buildActionMask = 2147483647;
			files = (
			);
			runOnlyForDeploymentPostprocessing = 0;
		};
		6F7ED2512C4DF16C00047677 /* Resources */ = {
			isa = PBXResourcesBuildPhase;
			buildActionMask = 2147483647;
			files = (
			);
			runOnlyForDeploymentPostprocessing = 0;
		};
/* End PBXResourcesBuildPhase section */

/* Begin PBXSourcesBuildPhase section */
		6F7ED2352C4DF16B00047677 /* Sources */ = {
			isa = PBXSourcesBuildPhase;
			buildActionMask = 2147483647;
			files = (
				6F7ED23F2C4DF16B00047677 /* ContentView.swift in Sources */,
				6F7ED23D2C4DF16B00047677 /* RadioApp.swift in Sources */,
			);
			runOnlyForDeploymentPostprocessing = 0;
		};
		6F7ED2452C4DF16C00047677 /* Sources */ = {
			isa = PBXSourcesBuildPhase;
			buildActionMask = 2147483647;
			files = (
				6F7ED24E2C4DF16C00047677 /* RadioTests.swift in Sources */,
			);
			runOnlyForDeploymentPostprocessing = 0;
		};
		6F7ED24F2C4DF16C00047677 /* Sources */ = {
			isa = PBXSourcesBuildPhase;
			buildActionMask = 2147483647;
			files = (
				6F7ED25A2C4DF16C00047677 /* RadioUITestsLaunchTests.swift in Sources */,
				6F7ED2582C4DF16C00047677 /* RadioUITests.swift in Sources */,
			);
			runOnlyForDeploymentPostprocessing = 0;
		};
/* End PBXSourcesBuildPhase section */

/* Begin PBXTargetDependency section */
		6F7ED24B2C4DF16C00047677 /* PBXTargetDependency */ = {
			isa = PBXTargetDependency;
			target = 6F7ED2382C4DF16B00047677 /* Radio */;
			targetProxy = 6F7ED24A2C4DF16C00047677 /* PBXContainerItemProxy */;
		};
		6F7ED2552C4DF16C00047677 /* PBXTargetDependency */ = {
			isa = PBXTargetDependency;
			target = 6F7ED2382C4DF16B00047677 /* Radio */;
			targetProxy = 6F7ED2542C4DF16C00047677 /* PBXContainerItemProxy */;
		};
/* End PBXTargetDependency section */

/* Begin XCBuildConfiguration section */
		6F7ED25B2C4DF16C00047677 /* Debug */ = {
			isa = XCBuildConfiguration;
			buildSettings = {
				ALWAYS_SEARCH_USER_PATHS = NO;
				ASSETCATALOG_COMPILER_GENERATE_SWIFT_ASSET_SYMBOL_EXTENSIONS = YES;
				CLANG_ANALYZER_NONNULL = YES;
				CLANG_ANALYZER_NUMBER_OBJECT_CONVERSION = YES_AGGRESSIVE;
				CLANG_CXX_LANGUAGE_STANDARD = "gnu++20";
				CLANG_ENABLE_MODULES = YES;
				CLANG_ENABLE_OBJC_ARC = YES;
				CLANG_ENABLE_OBJC_WEAK = YES;
				CLANG_WARN_BLOCK_CAPTURE_AUTORELEASING = YES;
				CLANG_WARN_BOOL_CONVERSION = YES;
				CLANG_WARN_COMMA = YES;
				CLANG_WARN_CONSTANT_CONVERSION = YES;
				CLANG_WARN_DEPRECATED_OBJC_IMPLEMENTATIONS = YES;
				CLANG_WARN_DIRECT_OBJC_ISA_USAGE = YES_ERROR;
				CLANG_WARN_DOCUMENTATION_COMMENTS = YES;
				CLANG_WARN_EMPTY_BODY = YES;
				CLANG_WARN_ENUM_CONVERSION = YES;
				CLANG_WARN_INFINITE_RECURSION = YES;
				CLANG_WARN_INT_CONVERSION = YES;
				CLANG_WARN_NON_LITERAL_NULL_CONVERSION = YES;
				CLANG_WARN_OBJC_IMPLICIT_RETAIN_SELF = YES;
				CLANG_WARN_OBJC_LITERAL_CONVERSION = YES;
				CLANG_WARN_OBJC_ROOT_CLASS = YES_ERROR;
				CLANG_WARN_QUOTED_INCLUDE_IN_FRAMEWORK_HEADER = YES;
				CLANG_WARN_RANGE_LOOP_ANALYSIS = YES;
				CLANG_WARN_STRICT_PROTOTYPES = YES;
				CLANG_WARN_SUSPICIOUS_MOVE = YES;
				CLANG_WARN_UNGUARDED_AVAILABILITY = YES_AGGRESSIVE;
				CLANG_WARN_UNREACHABLE_CODE = YES;
				CLANG_WARN__DUPLICATE_METHOD_MATCH = YES;
				COPY_PHASE_STRIP = NO;
				DEBUG_INFORMATION_FORMAT = dwarf;
				ENABLE_STRICT_OBJC_MSGSEND = YES;
				ENABLE_TESTABILITY = YES;
				ENABLE_USER_SCRIPT_SANDBOXING = YES;
				GCC_C_LANGUAGE_STANDARD = gnu17;
				GCC_DYNAMIC_NO_PIC = NO;
				GCC_NO_COMMON_BLOCKS = YES;
				GCC_OPTIMIZATION_LEVEL = 0;
				GCC_PREPROCESSOR_DEFINITIONS = (
					"DEBUG=1",
					"$(inherited)",
				);
				GCC_WARN_64_TO_32_BIT_CONVERSION = YES;
				GCC_WARN_ABOUT_RETURN_TYPE = YES_ERROR;
				GCC_WARN_UNDECLARED_SELECTOR = YES;
				GCC_WARN_UNINITIALIZED_AUTOS = YES_AGGRESSIVE;
				GCC_WARN_UNUSED_FUNCTION = YES;
				GCC_WARN_UNUSED_VARIABLE = YES;
				IPHONEOS_DEPLOYMENT_TARGET = 18.0;
				LOCALIZATION_PREFERS_STRING_CATALOGS = YES;
				MTL_ENABLE_DEBUG_INFO = INCLUDE_SOURCE;
				MTL_FAST_MATH = YES;
				ONLY_ACTIVE_ARCH = YES;
				SDKROOT = iphoneos;
				SWIFT_ACTIVE_COMPILATION_CONDITIONS = "DEBUG $(inherited)";
				SWIFT_OPTIMIZATION_LEVEL = "-Onone";
			};
			name = Debug;
		};
		6F7ED25C2C4DF16C00047677 /* Release */ = {
			isa = XCBuildConfiguration;
			buildSettings = {
				ALWAYS_SEARCH_USER_PATHS = NO;
				ASSETCATALOG_COMPILER_GENERATE_SWIFT_ASSET_SYMBOL_EXTENSIONS = YES;
				CLANG_ANALYZER_NONNULL = YES;
				CLANG_ANALYZER_NUMBER_OBJECT_CONVERSION = YES_AGGRESSIVE;
				CLANG_CXX_LANGUAGE_STANDARD = "gnu++20";
				CLANG_ENABLE_MODULES = YES;
				CLANG_ENABLE_OBJC_ARC = YES;
				CLANG_ENABLE_OBJC_WEAK = YES;
				CLANG_WARN_BLOCK_CAPTURE_AUTORELEASING = YES;
				CLANG_WARN_BOOL_CONVERSION = YES;
				CLANG_WARN_COMMA = YES;
				CLANG_WARN_CONSTANT_CONVERSION = YES;
				CLANG_WARN_DEPRECATED_OBJC_IMPLEMENTATIONS = YES;
				CLANG_WARN_DIRECT_OBJC_ISA_USAGE = YES_ERROR;
				CLANG_WARN_DOCUMENTATION_COMMENTS = YES;
				CLANG_WARN_EMPTY_BODY = YES;
				CLANG_WARN_ENUM_CONVERSION = YES;
				CLANG_WARN_INFINITE_RECURSION = YES;
				CLANG_WARN_INT_CONVERSION = YES;
				CLANG_WARN_NON_LITERAL_NULL_CONVERSION = YES;
				CLANG_WARN_OBJC_IMPLICIT_RETAIN_SELF = YES;
				CLANG_WARN_OBJC_LITERAL_CONVERSION = YES;
				CLANG_WARN_OBJC_ROOT_CLASS = YES_ERROR;
				CLANG_WARN_QUOTED_INCLUDE_IN_FRAMEWORK_HEADER = YES;
				CLANG_WARN_RANGE_LOOP_ANALYSIS = YES;
				CLANG_WARN_STRICT_PROTOTYPES = YES;
				CLANG_WARN_SUSPICIOUS_MOVE = YES;
				CLANG_WARN_UNGUARDED_AVAILABILITY = YES_AGGRESSIVE;
				CLANG_WARN_UNREACHABLE_CODE = YES;
				CLANG_WARN__DUPLICATE_METHOD_MATCH = YES;
				COPY_PHASE_STRIP = NO;
				DEBUG_INFORMATION_FORMAT = "dwarf-with-dsym";
				ENABLE_NS_ASSERTIONS = NO;
				ENABLE_STRICT_OBJC_MSGSEND = YES;
				ENABLE_USER_SCRIPT_SANDBOXING = YES;
				GCC_C_LANGUAGE_STANDARD = gnu17;
				GCC_NO_COMMON_BLOCKS = YES;
				GCC_WARN_64_TO_32_BIT_CONVERSION = YES;
				GCC_WARN_ABOUT_RETURN_TYPE = YES_ERROR;
				GCC_WARN_UNDECLARED_SELECTOR = YES;
				GCC_WARN_UNINITIALIZED_AUTOS = YES_AGGRESSIVE;
				GCC_WARN_UNUSED_FUNCTION = YES;
				GCC_WARN_UNUSED_VARIABLE = YES;
				IPHONEOS_DEPLOYMENT_TARGET = 18.0;
				LOCALIZATION_PREFERS_STRING_CATALOGS = YES;
				MTL_ENABLE_DEBUG_INFO = NO;
				MTL_FAST_MATH = YES;
				SDKROOT = iphoneos;
				SWIFT_COMPILATION_MODE = wholemodule;
				VALIDATE_PRODUCT = YES;
			};
			name = Release;
		};
		6F7ED25E2C4DF16C00047677 /* Debug */ = {
			isa = XCBuildConfiguration;
			buildSettings = {
				ASSETCATALOG_COMPILER_APPICON_NAME = AppIcon;
				ASSETCATALOG_COMPILER_GLOBAL_ACCENT_COLOR_NAME = AccentColor;
				CODE_SIGN_STYLE = Automatic;
				CURRENT_PROJECT_VERSION = 1;
				DEVELOPMENT_ASSET_PATHS = "\"Radio/Preview Content\"";
				DEVELOPMENT_TEAM = A3UF4B4CBW;
				ENABLE_PREVIEWS = YES;
				GENERATE_INFOPLIST_FILE = YES;
				INFOPLIST_KEY_UIApplicationSceneManifest_Generation = YES;
				INFOPLIST_KEY_UIApplicationSupportsIndirectInputEvents = YES;
				INFOPLIST_KEY_UILaunchScreen_Generation = YES;
				INFOPLIST_KEY_UISupportedInterfaceOrientations_iPad = "UIInterfaceOrientationPortrait UIInterfaceOrientationPortraitUpsideDown UIInterfaceOrientationLandscapeLeft UIInterfaceOrientationLandscapeRight";
				INFOPLIST_KEY_UISupportedInterfaceOrientations_iPhone = "UIInterfaceOrientationPortrait UIInterfaceOrientationLandscapeLeft UIInterfaceOrientationLandscapeRight";
				LD_RUNPATH_SEARCH_PATHS = (
					"$(inherited)",
					"@executable_path/Frameworks",
				);
				MARKETING_VERSION = 1.0;
				PRODUCT_BUNDLE_IDENTIFIER = Centertek.Radio;
				PRODUCT_NAME = "$(TARGET_NAME)";
				SWIFT_EMIT_LOC_STRINGS = YES;
				SWIFT_VERSION = 5.0;
				TARGETED_DEVICE_FAMILY = "1,2";
			};
			name = Debug;
		};
		6F7ED25F2C4DF16C00047677 /* Release */ = {
			isa = XCBuildConfiguration;
			buildSettings = {
				ASSETCATALOG_COMPILER_APPICON_NAME = AppIcon;
				ASSETCATALOG_COMPILER_GLOBAL_ACCENT_COLOR_NAME = AccentColor;
				CODE_SIGN_STYLE = Automatic;
				CURRENT_PROJECT_VERSION = 1;
				DEVELOPMENT_ASSET_PATHS = "\"Radio/Preview Content\"";
				DEVELOPMENT_TEAM = A3UF4B4CBW;
				ENABLE_PREVIEWS = YES;
				GENERATE_INFOPLIST_FILE = YES;
				INFOPLIST_KEY_UIApplicationSceneManifest_Generation = YES;
				INFOPLIST_KEY_UIApplicationSupportsIndirectInputEvents = YES;
				INFOPLIST_KEY_UILaunchScreen_Generation = YES;
				INFOPLIST_KEY_UISupportedInterfaceOrientations_iPad = "UIInterfaceOrientationPortrait UIInterfaceOrientationPortraitUpsideDown UIInterfaceOrientationLandscapeLeft UIInterfaceOrientationLandscapeRight";
				INFOPLIST_KEY_UISupportedInterfaceOrientations_iPhone = "UIInterfaceOrientationPortrait UIInterfaceOrientationLandscapeLeft UIInterfaceOrientationLandscapeRight";
				LD_RUNPATH_SEARCH_PATHS = (
					"$(inherited)",
					"@executable_path/Frameworks",
				);
				MARKETING_VERSION = 1.0;
				PRODUCT_BUNDLE_IDENTIFIER = Centertek.Radio;
				PRODUCT_NAME = "$(TARGET_NAME)";
				SWIFT_EMIT_LOC_STRINGS = YES;
				SWIFT_VERSION = 5.0;
				TARGETED_DEVICE_FAMILY = "1,2";
			};
			name = Release;
		};
		6F7ED2612C4DF16C00047677 /* Debug */ = {
			isa = XCBuildConfiguration;
			buildSettings = {
				BUNDLE_LOADER = "$(TEST_HOST)";
				CODE_SIGN_STYLE = Automatic;
				CURRENT_PROJECT_VERSION = 1;
				DEVELOPMENT_TEAM = A3UF4B4CBW;
				GENERATE_INFOPLIST_FILE = YES;
				IPHONEOS_DEPLOYMENT_TARGET = 18.0;
				MARKETING_VERSION = 1.0;
				PRODUCT_BUNDLE_IDENTIFIER = Centertek.RadioTests;
				PRODUCT_NAME = "$(TARGET_NAME)";
				SWIFT_EMIT_LOC_STRINGS = NO;
				SWIFT_VERSION = 5.0;
				TARGETED_DEVICE_FAMILY = "1,2";
				TEST_HOST = "$(BUILT_PRODUCTS_DIR)/Radio.app/$(BUNDLE_EXECUTABLE_FOLDER_PATH)/Radio";
			};
			name = Debug;
		};
		6F7ED2622C4DF16C00047677 /* Release */ = {
			isa = XCBuildConfiguration;
			buildSettings = {
				BUNDLE_LOADER = "$(TEST_HOST)";
				CODE_SIGN_STYLE = Automatic;
				CURRENT_PROJECT_VERSION = 1;
				DEVELOPMENT_TEAM = A3UF4B4CBW;
				GENERATE_INFOPLIST_FILE = YES;
				IPHONEOS_DEPLOYMENT_TARGET = 18.0;
				MARKETING_VERSION = 1.0;
				PRODUCT_BUNDLE_IDENTIFIER = Centertek.RadioTests;
				PRODUCT_NAME = "$(TARGET_NAME)";
				SWIFT_EMIT_LOC_STRINGS = NO;
				SWIFT_VERSION = 5.0;
				TARGETED_DEVICE_FAMILY = "1,2";
				TEST_HOST = "$(BUILT_PRODUCTS_DIR)/Radio.app/$(BUNDLE_EXECUTABLE_FOLDER_PATH)/Radio";
			};
			name = Release;
		};
		6F7ED2642C4DF16C00047677 /* Debug */ = {
			isa = XCBuildConfiguration;
			buildSettings = {
				CODE_SIGN_STYLE = Automatic;
				CURRENT_PROJECT_VERSION = 1;
				DEVELOPMENT_TEAM = A3UF4B4CBW;
				GENERATE_INFOPLIST_FILE = YES;
				MARKETING_VERSION = 1.0;
				PRODUCT_BUNDLE_IDENTIFIER = Centertek.RadioUITests;
				PRODUCT_NAME = "$(TARGET_NAME)";
				SWIFT_EMIT_LOC_STRINGS = NO;
				SWIFT_VERSION = 5.0;
				TARGETED_DEVICE_FAMILY = "1,2";
				TEST_TARGET_NAME = Radio;
			};
			name = Debug;
		};
		6F7ED2652C4DF16C00047677 /* Release */ = {
			isa = XCBuildConfiguration;
			buildSettings = {
				CODE_SIGN_STYLE = Automatic;
				CURRENT_PROJECT_VERSION = 1;
				DEVELOPMENT_TEAM = A3UF4B4CBW;
				GENERATE_INFOPLIST_FILE = YES;
				MARKETING_VERSION = 1.0;
				PRODUCT_BUNDLE_IDENTIFIER = Centertek.RadioUITests;
				PRODUCT_NAME = "$(TARGET_NAME)";
				SWIFT_EMIT_LOC_STRINGS = NO;
				SWIFT_VERSION = 5.0;
				TARGETED_DEVICE_FAMILY = "1,2";
				TEST_TARGET_NAME = Radio;
			};
			name = Release;
		};
/* End XCBuildConfiguration section */

/* Begin XCConfigurationList section */
		6F7ED2342C4DF16B00047677 /* Build configuration list for PBXProject "Radio" */ = {
			isa = XCConfigurationList;
			buildConfigurations = (
				6F7ED25B2C4DF16C00047677 /* Debug */,
				6F7ED25C2C4DF16C00047677 /* Release */,
			);
			defaultConfigurationIsVisible = 0;
			defaultConfigurationName = Release;
		};
		6F7ED25D2C4DF16C00047677 /* Build configuration list for PBXNativeTarget "Radio" */ = {
			isa = XCConfigurationList;
			buildConfigurations = (
				6F7ED25E2C4DF16C00047677 /* Debug */,
				6F7ED25F2C4DF16C00047677 /* Release */,
			);
			defaultConfigurationIsVisible = 0;
			defaultConfigurationName = Release;
		};
		6F7ED2602C4DF16C00047677 /* Build configuration list for PBXNativeTarget "RadioTests" */ = {
			isa = XCConfigurationList;
			buildConfigurations = (
				6F7ED2612C4DF16C00047677 /* Debug */,
				6F7ED2622C4DF16C00047677 /* Release */,
			);
			defaultConfigurationIsVisible = 0;
			defaultConfigurationName = Release;
		};
		6F7ED2632C4DF16C00047677 /* Build configuration list for PBXNativeTarget "RadioUITests" */ = {
			isa = XCConfigurationList;
			buildConfigurations = (
				6F7ED2642C4DF16C00047677 /* Debug */,
				6F7ED2652C4DF16C00047677 /* Release */,
			);
			defaultConfigurationIsVisible = 0;
			defaultConfigurationName = Release;
		};
/* End XCConfigurationList section */
	};
	rootObject = 6F7ED2312C4DF16B00047677 /* Project object */;
}
